{
  "pins" : [
    {
      "identity" : "fancyscrollview",
      "kind" : "remoteSourceControl",
      "location" : "https://github.com/nerdsupremacist/FancyScrollView",
      "state" : {
        "revision" : "7f8194b23dc209cdb5b0ebc9799a8de487166fdf",
        "version" : "0.1.4"
      }
    },
    {
      "identity" : "kingfisher",
      "kind" : "remoteSourceControl",
      "location" : "https://github.com/onevcat/Kingfisher",
      "state" : {
        "revision" : "022e4eeb79f817748544b318b991d9a70036bbf8",
        "version" : "7.2.4"
      }
    }
  ],
  "version" : 2
}
